
Microsoft Visual Studio Solution File, Format Version 12.00
# Visual Studio Version 17
VisualStudioVersion = 17.12.35527.113 d17.12
MinimumVisualStudioVersion = 10.0.40219.1
Project("{FAE04EC0-301F-11D3-BF4B-00C04F79EFBC}") = "GeneratorWPF", "GeneratorWPF\GeneratorWPF.csproj", "{F3C76D0F-AFB5-4013-B979-6EE9B9465B54}"
EndProject
Global
	GlobalSection(SolutionConfigurationPlatforms) = preSolution
		Debug|Any CPU = Debug|Any CPU
		Release|Any CPU = Release|Any CPU
	EndGlobalSection
	GlobalSection(ProjectConfigurationPlatforms) = postSolution
		{F3C76D0F-AFB5-4013-B979-6EE9B9465B54}.Debug|Any CPU.ActiveCfg = Debug|Any CPU
		{F3C76D0F-AFB5-4013-B979-6EE9B9465B54}.Debug|Any CPU.Build.0 = Debug|Any CPU
		{F3C76D0F-AFB5-4013-B979-6EE9B9465B54}.Release|Any CPU.ActiveCfg = Release|Any CPU
		{F3C76D0F-AFB5-4013-B979-6EE9B9465B54}.Release|Any CPU.Build.0 = Release|Any CPU
	EndGlobalSection
	GlobalSection(SolutionProperties) = preSolution
		HideSolutionNode = FALSE
	EndGlobalSection
EndGlobal
